{
  "name": "@tsonic/dotnet-pure",
  "version": "0.8.3",
  "lockfileVersion": 3,
  "requires": true,
  "packages": {
    "": {
      "name": "@tsonic/dotnet-pure",
      "version": "0.8.3",
      "license": "MIT",
      "peerDependencies": {
        "@tsonic/core": "*"
      }
    },
    "node_modules/@tsonic/core": {
      "version": "0.2.0",
      "resolved": "https://registry.npmjs.org/@tsonic/core/-/core-0.2.0.tgz",
      "integrity": "sha512-KW2DE4jmj/GYzGq1dfCxLHnLNeB/7ycpHIs5+gf8kMqxo5uwfB3EPYvKtR4FCDHPvLFAn4hQNW0LjyVX1RZ3jg==",
      "license": "MIT",
      "peer": true
    }
  }
}
